// !$*UTF8*$!
{
	archiveVersion = 1;
	classes = {
	};
	objectVersion = 50;
	objects = {

/* Begin PBXBuildFile section */
		D404F43C25DFB39E0061A641 /* KFullyConnected.swift in Sources */ = {isa = PBXBuildFile; fileRef = D404F43B25DFB39E0061A641 /* KFullyConnected.swift */; };
		D404F44325DFC26D0061A641 /* KnetJson.swift in Sources */ = {isa = PBXBuildFile; fileRef = D404F44225DFC26D0061A641 /* KnetJson.swift */; };
		D404F44B25DFC45A0061A641 /* Knet.swift in Sources */ = {isa = PBXBuildFile; fileRef = D404F44A25DFC45A0061A641 /* Knet.swift */; };
		D404F44E25DFC7EC0061A641 /* KnetCounts.swift in Sources */ = {isa = PBXBuildFile; fileRef = D404F44D25DFC7EC0061A641 /* KnetCounts.swift */; };
		D49ABAD425E7234600F931D7 /* KPoolingLayer.swift in Sources */ = {isa = PBXBuildFile; fileRef = D49ABAD325E7234600F931D7 /* KPoolingLayer.swift */; };
		D49ABAD725E729B300F931D7 /* Knet.Setup.swift in Sources */ = {isa = PBXBuildFile; fileRef = D49ABAD625E729B300F931D7 /* Knet.Setup.swift */; };
		D49ABADE25E732DF00F931D7 /* KnetLayer.swift in Sources */ = {isa = PBXBuildFile; fileRef = D49ABADD25E732DF00F931D7 /* KnetLayer.swift */; };
		D4EDD48125E75EA200C27F2F /* main.swift in Sources */ = {isa = PBXBuildFile; fileRef = D404F44725DFC3B50061A641 /* main.swift */; };
		D4EDD49625E7862000C27F2F /* KnetStructure.swift in Sources */ = {isa = PBXBuildFile; fileRef = D4EDD49525E7862000C27F2F /* KnetStructure.swift */; };
/* End PBXBuildFile section */

/* Begin PBXCopyFilesBuildPhase section */
		D404F42525DFB1090061A641 /* CopyFiles */ = {
			isa = PBXCopyFilesBuildPhase;
			buildActionMask = 2147483647;
			dstPath = /usr/share/man/man1/;
			dstSubfolderSpec = 0;
			files = (
			);
			runOnlyForDeploymentPostprocessing = 1;
		};
/* End PBXCopyFilesBuildPhase section */

/* Begin PBXFileReference section */
		D404F42725DFB1090061A641 /* Knet */ = {isa = PBXFileReference; explicitFileType = "compiled.mach-o.executable"; includeInIndex = 0; path = Knet; sourceTree = BUILT_PRODUCTS_DIR; };
		D404F42A25DFB1090061A641 /* mangey.swift */ = {isa = PBXFileReference; lastKnownFileType = sourcecode.swift; path = mangey.swift; sourceTree = "<group>"; };
		D404F43225DFB1240061A641 /* swiftlint.sh */ = {isa = PBXFileReference; fileEncoding = 4; lastKnownFileType = text.script.sh; path = swiftlint.sh; sourceTree = "<group>"; };
		D404F43325DFB1240061A641 /* .swiftlint.yml */ = {isa = PBXFileReference; fileEncoding = 4; lastKnownFileType = text.yaml; path = .swiftlint.yml; sourceTree = "<group>"; };
		D404F43425DFB1240061A641 /* .overcommit.yml */ = {isa = PBXFileReference; fileEncoding = 4; lastKnownFileType = text.yaml; path = .overcommit.yml; sourceTree = "<group>"; };
		D404F43B25DFB39E0061A641 /* KFullyConnected.swift */ = {isa = PBXFileReference; lastKnownFileType = sourcecode.swift; path = KFullyConnected.swift; sourceTree = "<group>"; };
		D404F44225DFC26D0061A641 /* KnetJson.swift */ = {isa = PBXFileReference; lastKnownFileType = sourcecode.swift; path = KnetJson.swift; sourceTree = "<group>"; };
		D404F44725DFC3B50061A641 /* main.swift */ = {isa = PBXFileReference; lastKnownFileType = sourcecode.swift; path = main.swift; sourceTree = "<group>"; };
		D404F44A25DFC45A0061A641 /* Knet.swift */ = {isa = PBXFileReference; lastKnownFileType = sourcecode.swift; path = Knet.swift; sourceTree = "<group>"; };
		D404F44D25DFC7EC0061A641 /* KnetCounts.swift */ = {isa = PBXFileReference; lastKnownFileType = sourcecode.swift; path = KnetCounts.swift; sourceTree = "<group>"; };
		D49ABAD325E7234600F931D7 /* KPoolingLayer.swift */ = {isa = PBXFileReference; lastKnownFileType = sourcecode.swift; path = KPoolingLayer.swift; sourceTree = "<group>"; };
		D49ABAD625E729B300F931D7 /* Knet.Setup.swift */ = {isa = PBXFileReference; lastKnownFileType = sourcecode.swift; path = Knet.Setup.swift; sourceTree = "<group>"; };
		D49ABADD25E732DF00F931D7 /* KnetLayer.swift */ = {isa = PBXFileReference; lastKnownFileType = sourcecode.swift; path = KnetLayer.swift; sourceTree = "<group>"; };
		D4EDD49525E7862000C27F2F /* KnetStructure.swift */ = {isa = PBXFileReference; lastKnownFileType = sourcecode.swift; path = KnetStructure.swift; sourceTree = "<group>"; };
/* End PBXFileReference section */

/* Begin PBXFrameworksBuildPhase section */
		D404F42425DFB1090061A641 /* Frameworks */ = {
			isa = PBXFrameworksBuildPhase;
			buildActionMask = 2147483647;
			files = (
			);
			runOnlyForDeploymentPostprocessing = 0;
		};
/* End PBXFrameworksBuildPhase section */

/* Begin PBXGroup section */
		D404F41E25DFB1090061A641 = {
			isa = PBXGroup;
			children = (
				D404F43425DFB1240061A641 /* .overcommit.yml */,
				D404F43325DFB1240061A641 /* .swiftlint.yml */,
				D404F43225DFB1240061A641 /* swiftlint.sh */,
				D404F42925DFB1090061A641 /* Knet */,
				D404F42825DFB1090061A641 /* Products */,
			);
			sourceTree = "<group>";
		};
		D404F42825DFB1090061A641 /* Products */ = {
			isa = PBXGroup;
			children = (
				D404F42725DFB1090061A641 /* Knet */,
			);
			name = Products;
			sourceTree = "<group>";
		};
		D404F42925DFB1090061A641 /* Knet */ = {
			isa = PBXGroup;
			children = (
				D404F43B25DFB39E0061A641 /* KFullyConnected.swift */,
				D49ABAD625E729B300F931D7 /* Knet.Setup.swift */,
				D404F44A25DFC45A0061A641 /* Knet.swift */,
				D404F44D25DFC7EC0061A641 /* KnetCounts.swift */,
				D404F44225DFC26D0061A641 /* KnetJson.swift */,
				D49ABADD25E732DF00F931D7 /* KnetLayer.swift */,
				D4EDD49525E7862000C27F2F /* KnetStructure.swift */,
				D49ABAD325E7234600F931D7 /* KPoolingLayer.swift */,
				D404F44725DFC3B50061A641 /* main.swift */,
				D404F42A25DFB1090061A641 /* mangey.swift */,
			);
			path = Knet;
			sourceTree = "<group>";
		};
/* End PBXGroup section */

/* Begin PBXNativeTarget section */
		D404F42625DFB1090061A641 /* Knet */ = {
			isa = PBXNativeTarget;
			buildConfigurationList = D404F42E25DFB1090061A641 /* Build configuration list for PBXNativeTarget "Knet" */;
			buildPhases = (
				D404F43525DFB14A0061A641 /* ShellScript */,
				D404F42325DFB1090061A641 /* Sources */,
				D404F42425DFB1090061A641 /* Frameworks */,
				D404F42525DFB1090061A641 /* CopyFiles */,
			);
			buildRules = (
			);
			dependencies = (
			);
			name = Knet;
			productName = Knet;
			productReference = D404F42725DFB1090061A641 /* Knet */;
			productType = "com.apple.product-type.tool";
		};
/* End PBXNativeTarget section */

/* Begin PBXProject section */
		D404F41F25DFB1090061A641 /* Project object */ = {
			isa = PBXProject;
			attributes = {
				LastSwiftUpdateCheck = 1240;
				LastUpgradeCheck = 1240;
				TargetAttributes = {
					D404F42625DFB1090061A641 = {
						CreatedOnToolsVersion = 12.4;
					};
				};
			};
			buildConfigurationList = D404F42225DFB1090061A641 /* Build configuration list for PBXProject "Knet" */;
			compatibilityVersion = "Xcode 9.3";
			developmentRegion = en;
			hasScannedForEncodings = 0;
			knownRegions = (
				en,
				Base,
			);
			mainGroup = D404F41E25DFB1090061A641;
			productRefGroup = D404F42825DFB1090061A641 /* Products */;
			projectDirPath = "";
			projectRoot = "";
			targets = (
				D404F42625DFB1090061A641 /* Knet */,
			);
		};
/* End PBXProject section */

/* Begin PBXShellScriptBuildPhase section */
		D404F43525DFB14A0061A641 /* ShellScript */ = {
			isa = PBXShellScriptBuildPhase;
			buildActionMask = 2147483647;
			files = (
			);
			inputFileListPaths = (
			);
			inputPaths = (
			);
			outputFileListPaths = (
			);
			outputPaths = (
			);
			runOnlyForDeploymentPostprocessing = 0;
			shellPath = /bin/sh;
			shellScript = "# Type a script or drag a script file from your workspace to insert its path.\n/Users/rob/Projects/Library/Knet/swiftlint.sh\n";
		};
/* End PBXShellScriptBuildPhase section */

/* Begin PBXSourcesBuildPhase section */
		D404F42325DFB1090061A641 /* Sources */ = {
			isa = PBXSourcesBuildPhase;
			buildActionMask = 2147483647;
			files = (
				D404F44325DFC26D0061A641 /* KnetJson.swift in Sources */,
				D49ABADE25E732DF00F931D7 /* KnetLayer.swift in Sources */,
				D4EDD48125E75EA200C27F2F /* main.swift in Sources */,
				D404F43C25DFB39E0061A641 /* KFullyConnected.swift in Sources */,
				D404F44E25DFC7EC0061A641 /* KnetCounts.swift in Sources */,
				D49ABAD425E7234600F931D7 /* KPoolingLayer.swift in Sources */,
				D49ABAD725E729B300F931D7 /* Knet.Setup.swift in Sources */,
				D404F44B25DFC45A0061A641 /* Knet.swift in Sources */,
				D4EDD49625E7862000C27F2F /* KnetStructure.swift in Sources */,
			);
			runOnlyForDeploymentPostprocessing = 0;
		};
/* End PBXSourcesBuildPhase section */

/* Begin XCBuildConfiguration section */
		D404F42C25DFB1090061A641 /* Debug */ = {
			isa = XCBuildConfiguration;
			buildSettings = {
				ALWAYS_SEARCH_USER_PATHS = NO;
				CLANG_ANALYZER_NONNULL = YES;
				CLANG_ANALYZER_NUMBER_OBJECT_CONVERSION = YES_AGGRESSIVE;
				CLANG_CXX_LANGUAGE_STANDARD = "gnu++14";
				CLANG_CXX_LIBRARY = "libc++";
				CLANG_ENABLE_MODULES = YES;
				CLANG_ENABLE_OBJC_ARC = YES;
				CLANG_ENABLE_OBJC_WEAK = YES;
				CLANG_WARN_BLOCK_CAPTURE_AUTORELEASING = YES;
				CLANG_WARN_BOOL_CONVERSION = YES;
				CLANG_WARN_COMMA = YES;
				CLANG_WARN_CONSTANT_CONVERSION = YES;
				CLANG_WARN_DEPRECATED_OBJC_IMPLEMENTATIONS = YES;
				CLANG_WARN_DIRECT_OBJC_ISA_USAGE = YES_ERROR;
				CLANG_WARN_DOCUMENTATION_COMMENTS = YES;
				CLANG_WARN_EMPTY_BODY = YES;
				CLANG_WARN_ENUM_CONVERSION = YES;
				CLANG_WARN_INFINITE_RECURSION = YES;
				CLANG_WARN_INT_CONVERSION = YES;
				CLANG_WARN_NON_LITERAL_NULL_CONVERSION = YES;
				CLANG_WARN_OBJC_IMPLICIT_RETAIN_SELF = YES;
				CLANG_WARN_OBJC_LITERAL_CONVERSION = YES;
				CLANG_WARN_OBJC_ROOT_CLASS = YES_ERROR;
				CLANG_WARN_QUOTED_INCLUDE_IN_FRAMEWORK_HEADER = YES;
				CLANG_WARN_RANGE_LOOP_ANALYSIS = YES;
				CLANG_WARN_STRICT_PROTOTYPES = YES;
				CLANG_WARN_SUSPICIOUS_MOVE = YES;
				CLANG_WARN_UNGUARDED_AVAILABILITY = YES_AGGRESSIVE;
				CLANG_WARN_UNREACHABLE_CODE = YES;
				CLANG_WARN__DUPLICATE_METHOD_MATCH = YES;
				COPY_PHASE_STRIP = NO;
				DEBUG_INFORMATION_FORMAT = dwarf;
				ENABLE_STRICT_OBJC_MSGSEND = YES;
				ENABLE_TESTABILITY = YES;
				GCC_C_LANGUAGE_STANDARD = gnu11;
				GCC_DYNAMIC_NO_PIC = NO;
				GCC_NO_COMMON_BLOCKS = YES;
				GCC_OPTIMIZATION_LEVEL = 0;
				GCC_PREPROCESSOR_DEFINITIONS = (
					"DEBUG=1",
					"$(inherited)",
				);
				GCC_WARN_64_TO_32_BIT_CONVERSION = YES;
				GCC_WARN_ABOUT_RETURN_TYPE = YES_ERROR;
				GCC_WARN_UNDECLARED_SELECTOR = YES;
				GCC_WARN_UNINITIALIZED_AUTOS = YES_AGGRESSIVE;
				GCC_WARN_UNUSED_FUNCTION = YES;
				GCC_WARN_UNUSED_VARIABLE = YES;
				MACOSX_DEPLOYMENT_TARGET = 11.1;
				MTL_ENABLE_DEBUG_INFO = INCLUDE_SOURCE;
				MTL_FAST_MATH = YES;
				ONLY_ACTIVE_ARCH = YES;
				SDKROOT = macosx;
				SWIFT_ACTIVE_COMPILATION_CONDITIONS = DEBUG;
				SWIFT_OPTIMIZATION_LEVEL = "-Onone";
			};
			name = Debug;
		};
		D404F42D25DFB1090061A641 /* Release */ = {
			isa = XCBuildConfiguration;
			buildSettings = {
				ALWAYS_SEARCH_USER_PATHS = NO;
				CLANG_ANALYZER_NONNULL = YES;
				CLANG_ANALYZER_NUMBER_OBJECT_CONVERSION = YES_AGGRESSIVE;
				CLANG_CXX_LANGUAGE_STANDARD = "gnu++14";
				CLANG_CXX_LIBRARY = "libc++";
				CLANG_ENABLE_MODULES = YES;
				CLANG_ENABLE_OBJC_ARC = YES;
				CLANG_ENABLE_OBJC_WEAK = YES;
				CLANG_WARN_BLOCK_CAPTURE_AUTORELEASING = YES;
				CLANG_WARN_BOOL_CONVERSION = YES;
				CLANG_WARN_COMMA = YES;
				CLANG_WARN_CONSTANT_CONVERSION = YES;
				CLANG_WARN_DEPRECATED_OBJC_IMPLEMENTATIONS = YES;
				CLANG_WARN_DIRECT_OBJC_ISA_USAGE = YES_ERROR;
				CLANG_WARN_DOCUMENTATION_COMMENTS = YES;
				CLANG_WARN_EMPTY_BODY = YES;
				CLANG_WARN_ENUM_CONVERSION = YES;
				CLANG_WARN_INFINITE_RECURSION = YES;
				CLANG_WARN_INT_CONVERSION = YES;
				CLANG_WARN_NON_LITERAL_NULL_CONVERSION = YES;
				CLANG_WARN_OBJC_IMPLICIT_RETAIN_SELF = YES;
				CLANG_WARN_OBJC_LITERAL_CONVERSION = YES;
				CLANG_WARN_OBJC_ROOT_CLASS = YES_ERROR;
				CLANG_WARN_QUOTED_INCLUDE_IN_FRAMEWORK_HEADER = YES;
				CLANG_WARN_RANGE_LOOP_ANALYSIS = YES;
				CLANG_WARN_STRICT_PROTOTYPES = YES;
				CLANG_WARN_SUSPICIOUS_MOVE = YES;
				CLANG_WARN_UNGUARDED_AVAILABILITY = YES_AGGRESSIVE;
				CLANG_WARN_UNREACHABLE_CODE = YES;
				CLANG_WARN__DUPLICATE_METHOD_MATCH = YES;
				COPY_PHASE_STRIP = NO;
				DEBUG_INFORMATION_FORMAT = "dwarf-with-dsym";
				ENABLE_NS_ASSERTIONS = NO;
				ENABLE_STRICT_OBJC_MSGSEND = YES;
				GCC_C_LANGUAGE_STANDARD = gnu11;
				GCC_NO_COMMON_BLOCKS = YES;
				GCC_WARN_64_TO_32_BIT_CONVERSION = YES;
				GCC_WARN_ABOUT_RETURN_TYPE = YES_ERROR;
				GCC_WARN_UNDECLARED_SELECTOR = YES;
				GCC_WARN_UNINITIALIZED_AUTOS = YES_AGGRESSIVE;
				GCC_WARN_UNUSED_FUNCTION = YES;
				GCC_WARN_UNUSED_VARIABLE = YES;
				MACOSX_DEPLOYMENT_TARGET = 11.1;
				MTL_ENABLE_DEBUG_INFO = NO;
				MTL_FAST_MATH = YES;
				SDKROOT = macosx;
				SWIFT_COMPILATION_MODE = wholemodule;
				SWIFT_OPTIMIZATION_LEVEL = "-O";
			};
			name = Release;
		};
		D404F42F25DFB1090061A641 /* Debug */ = {
			isa = XCBuildConfiguration;
			buildSettings = {
				CODE_SIGN_STYLE = Automatic;
				DEVELOPMENT_TEAM = DD983V4X84;
				ENABLE_HARDENED_RUNTIME = YES;
				GCC_TREAT_WARNINGS_AS_ERRORS = YES;
				PRODUCT_NAME = "$(TARGET_NAME)";
				SWIFT_TREAT_WARNINGS_AS_ERRORS = YES;
				SWIFT_VERSION = 5.0;
			};
			name = Debug;
		};
		D404F43025DFB1090061A641 /* Release */ = {
			isa = XCBuildConfiguration;
			buildSettings = {
				CODE_SIGN_STYLE = Automatic;
				DEVELOPMENT_TEAM = DD983V4X84;
				ENABLE_HARDENED_RUNTIME = YES;
				GCC_TREAT_WARNINGS_AS_ERRORS = YES;
				PRODUCT_NAME = "$(TARGET_NAME)";
				SWIFT_TREAT_WARNINGS_AS_ERRORS = YES;
				SWIFT_VERSION = 5.0;
			};
			name = Release;
		};
/* End XCBuildConfiguration section */

/* Begin XCConfigurationList section */
		D404F42225DFB1090061A641 /* Build configuration list for PBXProject "Knet" */ = {
			isa = XCConfigurationList;
			buildConfigurations = (
				D404F42C25DFB1090061A641 /* Debug */,
				D404F42D25DFB1090061A641 /* Release */,
			);
			defaultConfigurationIsVisible = 0;
			defaultConfigurationName = Release;
		};
		D404F42E25DFB1090061A641 /* Build configuration list for PBXNativeTarget "Knet" */ = {
			isa = XCConfigurationList;
			buildConfigurations = (
				D404F42F25DFB1090061A641 /* Debug */,
				D404F43025DFB1090061A641 /* Release */,
			);
			defaultConfigurationIsVisible = 0;
			defaultConfigurationName = Release;
		};
/* End XCConfigurationList section */
	};
	rootObject = D404F41F25DFB1090061A641 /* Project object */;
}
